
Microsoft Visual Studio Solution File, Format Version 12.00
# Visual Studio 15
VisualStudioVersion = 15.0.27428.2015
MinimumVisualStudioVersion = 10.0.40219.1
Project("{FAE04EC0-301F-11D3-BF4B-00C04F79EFBC}") = "DDD.Api", "DDD.Api\DDD.Api.csproj", "{861E8080-0823-455A-A54C-B8A8BAAEED39}"
EndProject
Project("{FAE04EC0-301F-11D3-BF4B-00C04F79EFBC}") = "DDD.Domain", "DDD.Domain\DDD.Domain.csproj", "{BF7745AE-4C13-4263-92EE-D4942E123D57}"
EndProject
Global
	GlobalSection(SolutionConfigurationPlatforms) = preSolution
		Debug|Any CPU = Debug|Any CPU
		Release|Any CPU = Release|Any CPU
	EndGlobalSection
	GlobalSection(ProjectConfigurationPlatforms) = postSolution
		{861E8080-0823-455A-A54C-B8A8BAAEED39}.Debug|Any CPU.ActiveCfg = Debug|Any CPU
		{861E8080-0823-455A-A54C-B8A8BAAEED39}.Debug|Any CPU.Build.0 = Debug|Any CPU
		{861E8080-0823-455A-A54C-B8A8BAAEED39}.Release|Any CPU.ActiveCfg = Release|Any CPU
		{861E8080-0823-455A-A54C-B8A8BAAEED39}.Release|Any CPU.Build.0 = Release|Any CPU
		{BF7745AE-4C13-4263-92EE-D4942E123D57}.Debug|Any CPU.ActiveCfg = Debug|Any CPU
		{BF7745AE-4C13-4263-92EE-D4942E123D57}.Debug|Any CPU.Build.0 = Debug|Any CPU
		{BF7745AE-4C13-4263-92EE-D4942E123D57}.Release|Any CPU.ActiveCfg = Release|Any CPU
		{BF7745AE-4C13-4263-92EE-D4942E123D57}.Release|Any CPU.Build.0 = Release|Any CPU
	EndGlobalSection
	GlobalSection(SolutionProperties) = preSolution
		HideSolutionNode = FALSE
	EndGlobalSection
	GlobalSection(ExtensibilityGlobals) = postSolution
		SolutionGuid = {7437F124-BE20-49A1-947B-DC6C9AC94E95}
	EndGlobalSection
EndGlobal
